
Microsoft Visual Studio Solution File, Format Version 12.00
# Visual Studio 15
VisualStudioVersion = 15.0.27703.2035
MinimumVisualStudioVersion = 10.0.40219.1
Project("{FAE04EC0-301F-11D3-BF4B-00C04F79EFBC}") = "1_Chessboard", "1_Chessboard\1_Chessboard.csproj", "{1EF9E1F2-C2EB-43B6-B521-D65A5546AC84}"
EndProject
Project("{FAE04EC0-301F-11D3-BF4B-00C04F79EFBC}") = "1_ChessboardTests", "1_ChessboardTests\1_ChessboardTests.csproj", "{CA7DFD39-4E26-4CC6-8B46-1E4B5F350319}"
EndProject
Global
	GlobalSection(SolutionConfigurationPlatforms) = preSolution
		Debug|Any CPU = Debug|Any CPU
		Release|Any CPU = Release|Any CPU
	EndGlobalSection
	GlobalSection(ProjectConfigurationPlatforms) = postSolution
		{1EF9E1F2-C2EB-43B6-B521-D65A5546AC84}.Debug|Any CPU.ActiveCfg = Debug|Any CPU
		{1EF9E1F2-C2EB-43B6-B521-D65A5546AC84}.Debug|Any CPU.Build.0 = Debug|Any CPU
		{1EF9E1F2-C2EB-43B6-B521-D65A5546AC84}.Release|Any CPU.ActiveCfg = Release|Any CPU
		{1EF9E1F2-C2EB-43B6-B521-D65A5546AC84}.Release|Any CPU.Build.0 = Release|Any CPU
		{CA7DFD39-4E26-4CC6-8B46-1E4B5F350319}.Debug|Any CPU.ActiveCfg = Debug|Any CPU
		{CA7DFD39-4E26-4CC6-8B46-1E4B5F350319}.Debug|Any CPU.Build.0 = Debug|Any CPU
		{CA7DFD39-4E26-4CC6-8B46-1E4B5F350319}.Release|Any CPU.ActiveCfg = Release|Any CPU
		{CA7DFD39-4E26-4CC6-8B46-1E4B5F350319}.Release|Any CPU.Build.0 = Release|Any CPU
	EndGlobalSection
	GlobalSection(SolutionProperties) = preSolution
		HideSolutionNode = FALSE
	EndGlobalSection
	GlobalSection(ExtensibilityGlobals) = postSolution
		SolutionGuid = {840662FB-AA21-4A01-BE5C-667DD6006537}
	EndGlobalSection
EndGlobal
